{
  "name": "weblue",
  "version": "1.0.0",
  "lockfileVersion": 1,
  "requires": true,
  "dependencies": {
    "@types/core-js": {
      "version": "2.5.4",
      "resolved": "https://registry.npmjs.org/@types/core-js/-/core-js-2.5.4.tgz",
      "integrity": "sha512-Xwy8o12ak+iYgFr/KCVaVK5Sy+jFMiiPAID3+ObvMlBzy26XQJw5xu+a6rlHsrJENXj/AwJOGsJpVohUjAzSKQ=="
    },
    "@types/node": {
      "version": "14.14.14",
      "resolved": "https://registry.npmjs.org/@types/node/-/node-14.14.14.tgz",
      "integrity": "sha512-UHnOPWVWV1z+VV8k6L1HhG7UbGBgIdghqF3l9Ny9ApPghbjICXkUJSd/b9gOgQfjM1r+37cipdw/HJ3F6ICEnQ=="
    },
    "@types/web-bluetooth": {
      "version": "0.0.9",
      "resolved": "https://registry.npmjs.org/@types/web-bluetooth/-/web-bluetooth-0.0.9.tgz",
      "integrity": "sha512-P6oHnRSEqRCR1fdAtJXmKBiHE3fOWtNFyfjm9NQZPrxdQjSZgRSiKRiHjLyKBh8eCvM8ldDS8/VJN0qKg0Pk1Q=="
    }
  }
}
